github.com/christianrpetrin/queue-tests v0.0.0-20181113195552-8536b5b8f660 h1:T4BnFIqh6Seu950iWM5xBBO243119XTcg61Fvs9vHUo=
github.com/christianrpetrin/queue-tests v0.0.0-20181113195552-8536b5b8f660/go.mod h1:ugRPbaHYSO8Ewen14D8j/131oaTGup0SlHocDQ3oIOM=
github.com/davecgh/go-spew v1.1.0/go.mod h1:J7Y8YcW2NihsgmVo/mv3lAwl/skON4iLHjSsI+c5H38=
github.com/ef-ds/benchmark v1.0.3 h1:ZB7qugZQaa1uUDmNHpRdAogYpArSaM4UbjO6QpjkGVo=
github.com/ef-ds/benchmark v1.0.3/go.mod h1:Mm6VShhlyn+jtVNcVHY0aaeOo57P1uXpAacJVoCvYoI=
github.com/ef-ds/benchmark v1.0.4 h1:KFuxSPK5wbThg4RQEDvKzZLfTwh1mFQbMDvrBudyKUo=
github.com/ef-ds/benchmark v1.0.4/go.mod h1:Mm6VShhlyn+jtVNcVHY0aaeOo57P1uXpAacJVoCvYoI=
github.com/ef-ds/deque v1.0.4 h1:iFAZNmveMT9WERAkqLJ+oaABF9AcVQ5AjXem/hroniI=
github.com/ef-ds/deque v1.0.4/go.mod h1:gXDnTC3yqvBcHbq2lcExjtAcVrOnJCbMcZXmuj8Z4tg=
github.com/ef-ds/deque/v2 v2.0.1 h1:J93a6SoLXW8WIfTD9F97IoGb4WucZqAooWcy1AMi/d4=
github.com/ef-ds/deque/v2 v2.0.1/go.mod h1:hoZy4VooWLhRT4uS+sSCilfgBQUNptJU2FGqr08a5sc=
github.com/ef-ds/deque/v2 v2.0.2 h1:GQtDK1boBMu/qsNbSLQsqzwNptaioxZI39X3UxT5ALA=
github.com/ef-ds/deque/v2 v2.0.2/go.mod h1:hoZy4VooWLhRT4uS+sSCilfgBQUNptJU2FGqr08a5sc=
github.com/gammazero/deque v0.0.0-20180920172122-f6adf94963e4 h1:R+19WKQClnfMXS60cP5BmMe1wjZ4u0evY2p2Ar0ZTXo=
github.com/gammazero/deque v0.0.0-20180920172122-f6adf94963e4/go.mod h1:GeIq9qoE43YdGnDXURnmKTnGg15pQz4mYkXSTChbneI=
github.com/gammazero/deque v0.2.1 h1:qSdsbG6pgp6nL7A0+K/B7s12mcCY/5l5SIUpMOl+dC0=
github.com/gammazero/deque v0.2.1/go.mod h1:LFroj8x4cMYCukHJDbxFCkT+r9AndaJnFMuZDV34tuU=
github.com/liyue201/gostl v1.1.0 h1:ipSWwFqwRXBTzgS3ZMlwtTpHeVvRQTE+anpzP0rXeUA=
github.com/liyue201/gostl v1.1.0/go.mod h1:hmiO0/B1JgfZWtzpst0Y4VSu11iJvM6jHnRvINYB6Sg=
github.com/phf/go-queue v0.0.0-20170504031614-9abe38d0371d h1:U+PMnTlV2tu7RuMK5etusZG3Cf+rpow5hqQByeCzJ2g=
github.com/phf/go-queue v0.0.0-20170504031614-9abe38d0371d/go.mod h1:lXfE4PvvTW5xOjO6Mba8zDPyw8M93B6AQ7frTGnMlA8=
github.com/pmezard/go-difflib v1.0.0/go.mod h1:iKH77koFhYxTK1pcRnkKkqfTogsbg7gZNVY4sRDYZ/4=
github.com/stretchr/objx v0.1.0/go.mod h1:HFkY916IF+rwdDfMAkV7OtwuqBVzrE8GR6GFx+wExME=
github.com/stretchr/testify v1.7.0/go.mod h1:6Fq8oRcR53rry900zMqJjRRixrwX3KX962/h/Wwjteg=
gopkg.in/check.v1 v0.0.0-20161208181325-20d25e280405/go.mod h1:Co6ibVJAznAaIkqp8huTwlJQCZ016jof/cbN4VW5Yz0=
gopkg.in/karalabe/cookiejar.v2 v2.0.0-20150724131613-8dcd6a7f4951 h1:DMTcQRFbEH62YPRWwOI647s2e5mHda3oBPMHfrLs2bw=
gopkg.in/karalabe/cookiejar.v2 v2.0.0-20150724131613-8dcd6a7f4951/go.mod h1:owOxCRGGeAx1uugABik6K9oeNu1cgxP/R9ItzLDxNWA=
gopkg.in/yaml.v3 v3.0.0-20200313102051-9f266ea9e77c/go.mod h1:K4uyk7z7BCEPqu6E+C64Yfv1cQ7kz7rIZviUmN+EgEM=
